
Microsoft Visual Studio Solution File, Format Version 12.00
# Visual Studio Version 17
VisualStudioVersion = 17.6.33815.320
MinimumVisualStudioVersion = 10.0.40219.1
Project("{FAE04EC0-301F-11D3-BF4B-00C04F79EFBC}") = "ProductGenericCacheApp.Server", "ProductGenericCacheApp\Server\ProductGenericCacheApp.Server.csproj", "{0AFC0765-6BCF-4E28-99CF-9CD8199E70F3}"
EndProject
Project("{FAE04EC0-301F-11D3-BF4B-00C04F79EFBC}") = "ProductGenericCacheApp.Client", "ProductGenericCacheApp\Client\ProductGenericCacheApp.Client.csproj", "{CE1BB64D-555E-434E-8702-3E75385305A0}"
EndProject
Project("{FAE04EC0-301F-11D3-BF4B-00C04F79EFBC}") = "ProductGenericCacheApp.Shared", "ProductGenericCacheApp\Shared\ProductGenericCacheApp.Shared.csproj", "{467A11A5-3A7B-4385-9DC9-54555C45A8EC}"
EndProject
Global
	GlobalSection(SolutionConfigurationPlatforms) = preSolution
		Debug|Any CPU = Debug|Any CPU
		Release|Any CPU = Release|Any CPU
	EndGlobalSection
	GlobalSection(ProjectConfigurationPlatforms) = postSolution
		{0AFC0765-6BCF-4E28-99CF-9CD8199E70F3}.Debug|Any CPU.ActiveCfg = Debug|Any CPU
		{0AFC0765-6BCF-4E28-99CF-9CD8199E70F3}.Debug|Any CPU.Build.0 = Debug|Any CPU
		{0AFC0765-6BCF-4E28-99CF-9CD8199E70F3}.Release|Any CPU.ActiveCfg = Release|Any CPU
		{0AFC0765-6BCF-4E28-99CF-9CD8199E70F3}.Release|Any CPU.Build.0 = Release|Any CPU
		{CE1BB64D-555E-434E-8702-3E75385305A0}.Debug|Any CPU.ActiveCfg = Debug|Any CPU
		{CE1BB64D-555E-434E-8702-3E75385305A0}.Debug|Any CPU.Build.0 = Debug|Any CPU
		{CE1BB64D-555E-434E-8702-3E75385305A0}.Release|Any CPU.ActiveCfg = Release|Any CPU
		{CE1BB64D-555E-434E-8702-3E75385305A0}.Release|Any CPU.Build.0 = Release|Any CPU
		{467A11A5-3A7B-4385-9DC9-54555C45A8EC}.Debug|Any CPU.ActiveCfg = Debug|Any CPU
		{467A11A5-3A7B-4385-9DC9-54555C45A8EC}.Debug|Any CPU.Build.0 = Debug|Any CPU
		{467A11A5-3A7B-4385-9DC9-54555C45A8EC}.Release|Any CPU.ActiveCfg = Release|Any CPU
		{467A11A5-3A7B-4385-9DC9-54555C45A8EC}.Release|Any CPU.Build.0 = Release|Any CPU
	EndGlobalSection
	GlobalSection(SolutionProperties) = preSolution
		HideSolutionNode = FALSE
	EndGlobalSection
	GlobalSection(ExtensibilityGlobals) = postSolution
		SolutionGuid = {A4C7A8B5-679D-40B6-8D36-B374A35800A3}
	EndGlobalSection
EndGlobal
